schema: vela.frontier_lock.v0.1
generated_at: 2026-06-02T23:37:53.332998+00:00
vela_version: 0.800.5
frontier_id: vfr_001f148c07eebecb
canonicalization:
  json: vela-canonical-json-v0.1
  yaml: vela-yaml-v0.1
reducer:
  package: vela@0.800.5
  digest: sha256:73b2a3b7651c75dff8efdb5cf601c73a6239624c1965b0acfaeb52a539d13932
verifiers:
  package: vela-verify@0.800.5
  digest: sha256:efc89667e544e6ca54b04bcf31a025db50e4961ef2e2f62fedf0ca2ec8e40f4f
snapshot_hash: sha256:c3cebec776ccc4af0dd3f4edd8db8ac340df546c61e32d8c9d2ab4f7c92c92cb
event_log_hash: sha256:44a9a313cdf6c78e127e36ecf52250b9e0e657220f4b148c3331dd59db1f3769
proposal_state_hash: sha256:8a3a5d4473868aa257f094e20a2dc36777385938cde184c25fc8d8d372e01501
sources_hash: sha256:4f53cda18c2baa0c0354bb5f9a3ecbe5ed12ab4d8e11ba873c2f11161202b945
artifacts_hash: sha256:4f53cda18c2baa0c0354bb5f9a3ecbe5ed12ab4d8e11ba873c2f11161202b945
review_hash: sha256:4f53cda18c2baa0c0354bb5f9a3ecbe5ed12ab4d8e11ba873c2f11161202b945
proof_freshness: fresh
proof:
  latest: proof/latest.json
  digest: sha256:2e1efc774cd17e132b9168d59e6c0f0efe6704f9ada03920c76e507e5170e09d
  freshness: fresh
  events_manifest: proof/events.manifest.jsonl
  replay_trace: proof/replay.trace.jsonl
paths:
  frontier: frontier.json
  events: .vela/events/
